
Microsoft Visual Studio Solution File, Format Version 12.00
# Visual Studio Version 16
VisualStudioVersion = 16.0.31112.23
MinimumVisualStudioVersion = 10.0.40219.1
Project("{8BC9CEB8-8B4A-11D0-8D11-00A0C91BC942}") = "test_4_09_if语句等", "test_4_9\test_4_9.vcxproj", "{91931611-8FFB-4ECE-A104-9C8DA10FBF33}"
EndProject
Project("{8BC9CEB8-8B4A-11D0-8D11-00A0C91BC942}") = "test_4_11_分支与循环语句", "test_4_11\test_4_11.vcxproj", "{D839AAAE-57DB-4796-9612-CB82DE5CCC1D}"
EndProject
Project("{8BC9CEB8-8B4A-11D0-8D11-00A0C91BC942}") = "test_4_13_函数等", "test_4_13\test_4_13.vcxproj", "{DA1BC144-F166-4BF3-8EE3-A17302EA5FDB}"
EndProject
Project("{8BC9CEB8-8B4A-11D0-8D11-00A0C91BC942}") = "test_4_16_实参形参等", "test_4_16_实参形参等\test_4_16_实参形参等.vcxproj", "{AAB0E229-08D7-46F8-920A-72AF64EA6898}"
EndProject
Project("{8BC9CEB8-8B4A-11D0-8D11-00A0C91BC942}") = "test_4_18_函数（初阶）", "test_4_18_函数（初阶）\test_4_18_函数（初阶）.vcxproj", "{6F468E81-84A6-4781-B63A-9011E4EB1AA9}"
EndProject
Project("{8BC9CEB8-8B4A-11D0-8D11-00A0C91BC942}") = "test_4_23_数组编程练习等", "test_4_23_数组编程练习等\test_4_23_数组编程练习等.vcxproj", "{A58585B6-232C-4352-A150-B4CC0CB5089A}"
EndProject
Project("{8BC9CEB8-8B4A-11D0-8D11-00A0C91BC942}") = "test_5_07_操作符的使用等", "test_5_07\test_5_07.vcxproj", "{E22DA7DB-E5A9-4175-BB27-B2D06522F556}"
EndProject
Project("{8BC9CEB8-8B4A-11D0-8D11-00A0C91BC942}") = "test_5_09_算术转换等", "test_05_09_算术转换等\test_05_09_算术转换等.vcxproj", "{BFED5C31-83A8-4DA2-A868-1958F9E160B6}"
EndProject
Project("{8BC9CEB8-8B4A-11D0-8D11-00A0C91BC942}") = "test_5_11_指针初阶等", "test_5_11_指针初阶等\test_5_11_指针初阶等.vcxproj", "{A4016766-0936-4589-A75B-ADB3ECA78540}"
EndProject
Project("{8BC9CEB8-8B4A-11D0-8D11-00A0C91BC942}") = "test_5_21_数据的存储(进阶)", "test_5_21_数据的存储(进阶)\test_5_21_数据的存储(进阶).vcxproj", "{C9283454-80EE-41BB-8F71-5B8464C71B5F}"
EndProject
Project("{8BC9CEB8-8B4A-11D0-8D11-00A0C91BC942}") = "test_5_14_Debug和Release的区别", "test_5_14_Debug和Release的区别\test_5_14_Debug和Release的区别.vcxproj", "{6D515421-6E97-491D-9EB2-F3DCC222CBED}"
EndProject
Project("{8BC9CEB8-8B4A-11D0-8D11-00A0C91BC942}") = "test_5_16_使用调试技巧(初阶)", "test_5_16_使用调试技巧(初阶)\test_5_16_使用调试技巧(初阶).vcxproj", "{2F40083F-2243-413F-B636-D938819DCB0A}"
EndProject
Project("{8BC9CEB8-8B4A-11D0-8D11-00A0C91BC942}") = "test_5_23_指针进阶一", "test_5_23_指针进阶一\test_5_23_指针进阶一.vcxproj", "{E579F5DD-5CB3-4B50-B8B4-6F64D78992B6}"
EndProject
Project("{8BC9CEB8-8B4A-11D0-8D11-00A0C91BC942}") = "test_5_28_指针进阶二", "test_5_28_指针进阶二\test_5_28_指针进阶二.vcxproj", "{7996F078-A9A4-4572-AA16-A41EE8F278A6}"
EndProject
Project("{8BC9CEB8-8B4A-11D0-8D11-00A0C91BC942}") = "test_5_30_指针和数组运算", "test_5_30_指针和数组运算\test_5_30_指针和数组运算.vcxproj", "{8FF33B4F-DCB6-41A3-A126-599FF4CA91A4}"
EndProject
Project("{8BC9CEB8-8B4A-11D0-8D11-00A0C91BC942}") = "test_6_04_C语言OJ题目", "test_6_04_C语言OJ题目\test_6_04_C语言OJ题目.vcxproj", "{850B6474-738D-4D1C-9C6D-70AD237349E9}"
EndProject
Global
	GlobalSection(SolutionConfigurationPlatforms) = preSolution
		Debug|x64 = Debug|x64
		Debug|x86 = Debug|x86
		Release|x64 = Release|x64
		Release|x86 = Release|x86
	EndGlobalSection
	GlobalSection(ProjectConfigurationPlatforms) = postSolution
		{91931611-8FFB-4ECE-A104-9C8DA10FBF33}.Debug|x64.ActiveCfg = Debug|x64
		{91931611-8FFB-4ECE-A104-9C8DA10FBF33}.Debug|x64.Build.0 = Debug|x64
		{91931611-8FFB-4ECE-A104-9C8DA10FBF33}.Debug|x86.ActiveCfg = Debug|Win32
		{91931611-8FFB-4ECE-A104-9C8DA10FBF33}.Debug|x86.Build.0 = Debug|Win32
		{91931611-8FFB-4ECE-A104-9C8DA10FBF33}.Release|x64.ActiveCfg = Release|x64
		{91931611-8FFB-4ECE-A104-9C8DA10FBF33}.Release|x64.Build.0 = Release|x64
		{91931611-8FFB-4ECE-A104-9C8DA10FBF33}.Release|x86.ActiveCfg = Release|Win32
		{91931611-8FFB-4ECE-A104-9C8DA10FBF33}.Release|x86.Build.0 = Release|Win32
		{D839AAAE-57DB-4796-9612-CB82DE5CCC1D}.Debug|x64.ActiveCfg = Debug|x64
		{D839AAAE-57DB-4796-9612-CB82DE5CCC1D}.Debug|x64.Build.0 = Debug|x64
		{D839AAAE-57DB-4796-9612-CB82DE5CCC1D}.Debug|x86.ActiveCfg = Debug|Win32
		{D839AAAE-57DB-4796-9612-CB82DE5CCC1D}.Debug|x86.Build.0 = Debug|Win32
		{D839AAAE-57DB-4796-9612-CB82DE5CCC1D}.Release|x64.ActiveCfg = Release|x64
		{D839AAAE-57DB-4796-9612-CB82DE5CCC1D}.Release|x64.Build.0 = Release|x64
		{D839AAAE-57DB-4796-9612-CB82DE5CCC1D}.Release|x86.ActiveCfg = Release|Win32
		{D839AAAE-57DB-4796-9612-CB82DE5CCC1D}.Release|x86.Build.0 = Release|Win32
		{DA1BC144-F166-4BF3-8EE3-A17302EA5FDB}.Debug|x64.ActiveCfg = Debug|x64
		{DA1BC144-F166-4BF3-8EE3-A17302EA5FDB}.Debug|x64.Build.0 = Debug|x64
		{DA1BC144-F166-4BF3-8EE3-A17302EA5FDB}.Debug|x86.ActiveCfg = Debug|Win32
		{DA1BC144-F166-4BF3-8EE3-A17302EA5FDB}.Debug|x86.Build.0 = Debug|Win32
		{DA1BC144-F166-4BF3-8EE3-A17302EA5FDB}.Release|x64.ActiveCfg = Release|x64
		{DA1BC144-F166-4BF3-8EE3-A17302EA5FDB}.Release|x64.Build.0 = Release|x64
		{DA1BC144-F166-4BF3-8EE3-A17302EA5FDB}.Release|x86.ActiveCfg = Release|Win32
		{DA1BC144-F166-4BF3-8EE3-A17302EA5FDB}.Release|x86.Build.0 = Release|Win32
		{AAB0E229-08D7-46F8-920A-72AF64EA6898}.Debug|x64.ActiveCfg = Debug|x64
		{AAB0E229-08D7-46F8-920A-72AF64EA6898}.Debug|x64.Build.0 = Debug|x64
		{AAB0E229-08D7-46F8-920A-72AF64EA6898}.Debug|x86.ActiveCfg = Debug|Win32
		{AAB0E229-08D7-46F8-920A-72AF64EA6898}.Debug|x86.Build.0 = Debug|Win32
		{AAB0E229-08D7-46F8-920A-72AF64EA6898}.Release|x64.ActiveCfg = Release|x64
		{AAB0E229-08D7-46F8-920A-72AF64EA6898}.Release|x64.Build.0 = Release|x64
		{AAB0E229-08D7-46F8-920A-72AF64EA6898}.Release|x86.ActiveCfg = Release|Win32
		{AAB0E229-08D7-46F8-920A-72AF64EA6898}.Release|x86.Build.0 = Release|Win32
		{6F468E81-84A6-4781-B63A-9011E4EB1AA9}.Debug|x64.ActiveCfg = Debug|x64
		{6F468E81-84A6-4781-B63A-9011E4EB1AA9}.Debug|x64.Build.0 = Debug|x64
		{6F468E81-84A6-4781-B63A-9011E4EB1AA9}.Debug|x86.ActiveCfg = Debug|Win32
		{6F468E81-84A6-4781-B63A-9011E4EB1AA9}.Debug|x86.Build.0 = Debug|Win32
		{6F468E81-84A6-4781-B63A-9011E4EB1AA9}.Release|x64.ActiveCfg = Release|x64
		{6F468E81-84A6-4781-B63A-9011E4EB1AA9}.Release|x64.Build.0 = Release|x64
		{6F468E81-84A6-4781-B63A-9011E4EB1AA9}.Release|x86.ActiveCfg = Release|Win32
		{6F468E81-84A6-4781-B63A-9011E4EB1AA9}.Release|x86.Build.0 = Release|Win32
		{A58585B6-232C-4352-A150-B4CC0CB5089A}.Debug|x64.ActiveCfg = Debug|x64
		{A58585B6-232C-4352-A150-B4CC0CB5089A}.Debug|x64.Build.0 = Debug|x64
		{A58585B6-232C-4352-A150-B4CC0CB5089A}.Debug|x86.ActiveCfg = Debug|Win32
		{A58585B6-232C-4352-A150-B4CC0CB5089A}.Debug|x86.Build.0 = Debug|Win32
		{A58585B6-232C-4352-A150-B4CC0CB5089A}.Release|x64.ActiveCfg = Release|x64
		{A58585B6-232C-4352-A150-B4CC0CB5089A}.Release|x64.Build.0 = Release|x64
		{A58585B6-232C-4352-A150-B4CC0CB5089A}.Release|x86.ActiveCfg = Release|Win32
		{A58585B6-232C-4352-A150-B4CC0CB5089A}.Release|x86.Build.0 = Release|Win32
		{E22DA7DB-E5A9-4175-BB27-B2D06522F556}.Debug|x64.ActiveCfg = Debug|x64
		{E22DA7DB-E5A9-4175-BB27-B2D06522F556}.Debug|x64.Build.0 = Debug|x64
		{E22DA7DB-E5A9-4175-BB27-B2D06522F556}.Debug|x86.ActiveCfg = Debug|Win32
		{E22DA7DB-E5A9-4175-BB27-B2D06522F556}.Debug|x86.Build.0 = Debug|Win32
		{E22DA7DB-E5A9-4175-BB27-B2D06522F556}.Release|x64.ActiveCfg = Release|x64
		{E22DA7DB-E5A9-4175-BB27-B2D06522F556}.Release|x64.Build.0 = Release|x64
		{E22DA7DB-E5A9-4175-BB27-B2D06522F556}.Release|x86.ActiveCfg = Release|Win32
		{E22DA7DB-E5A9-4175-BB27-B2D06522F556}.Release|x86.Build.0 = Release|Win32
		{BFED5C31-83A8-4DA2-A868-1958F9E160B6}.Debug|x64.ActiveCfg = Debug|x64
		{BFED5C31-83A8-4DA2-A868-1958F9E160B6}.Debug|x64.Build.0 = Debug|x64
		{BFED5C31-83A8-4DA2-A868-1958F9E160B6}.Debug|x86.ActiveCfg = Debug|Win32
		{BFED5C31-83A8-4DA2-A868-1958F9E160B6}.Debug|x86.Build.0 = Debug|Win32
		{BFED5C31-83A8-4DA2-A868-1958F9E160B6}.Release|x64.ActiveCfg = Release|x64
		{BFED5C31-83A8-4DA2-A868-1958F9E160B6}.Release|x64.Build.0 = Release|x64
		{BFED5C31-83A8-4DA2-A868-1958F9E160B6}.Release|x86.ActiveCfg = Release|Win32
		{BFED5C31-83A8-4DA2-A868-1958F9E160B6}.Release|x86.Build.0 = Release|Win32
		{A4016766-0936-4589-A75B-ADB3ECA78540}.Debug|x64.ActiveCfg = Debug|x64
		{A4016766-0936-4589-A75B-ADB3ECA78540}.Debug|x64.Build.0 = Debug|x64
		{A4016766-0936-4589-A75B-ADB3ECA78540}.Debug|x86.ActiveCfg = Debug|Win32
		{A4016766-0936-4589-A75B-ADB3ECA78540}.Debug|x86.Build.0 = Debug|Win32
		{A4016766-0936-4589-A75B-ADB3ECA78540}.Release|x64.ActiveCfg = Release|x64
		{A4016766-0936-4589-A75B-ADB3ECA78540}.Release|x64.Build.0 = Release|x64
		{A4016766-0936-4589-A75B-ADB3ECA78540}.Release|x86.ActiveCfg = Release|Win32
		{A4016766-0936-4589-A75B-ADB3ECA78540}.Release|x86.Build.0 = Release|Win32
		{C9283454-80EE-41BB-8F71-5B8464C71B5F}.Debug|x64.ActiveCfg = Debug|x64
		{C9283454-80EE-41BB-8F71-5B8464C71B5F}.Debug|x64.Build.0 = Debug|x64
		{C9283454-80EE-41BB-8F71-5B8464C71B5F}.Debug|x86.ActiveCfg = Debug|Win32
		{C9283454-80EE-41BB-8F71-5B8464C71B5F}.Debug|x86.Build.0 = Debug|Win32
		{C9283454-80EE-41BB-8F71-5B8464C71B5F}.Release|x64.ActiveCfg = Release|x64
		{C9283454-80EE-41BB-8F71-5B8464C71B5F}.Release|x64.Build.0 = Release|x64
		{C9283454-80EE-41BB-8F71-5B8464C71B5F}.Release|x86.ActiveCfg = Release|Win32
		{C9283454-80EE-41BB-8F71-5B8464C71B5F}.Release|x86.Build.0 = Release|Win32
		{6D515421-6E97-491D-9EB2-F3DCC222CBED}.Debug|x64.ActiveCfg = Debug|x64
		{6D515421-6E97-491D-9EB2-F3DCC222CBED}.Debug|x64.Build.0 = Debug|x64
		{6D515421-6E97-491D-9EB2-F3DCC222CBED}.Debug|x86.ActiveCfg = Debug|Win32
		{6D515421-6E97-491D-9EB2-F3DCC222CBED}.Debug|x86.Build.0 = Debug|Win32
		{6D515421-6E97-491D-9EB2-F3DCC222CBED}.Release|x64.ActiveCfg = Release|x64
		{6D515421-6E97-491D-9EB2-F3DCC222CBED}.Release|x64.Build.0 = Release|x64
		{6D515421-6E97-491D-9EB2-F3DCC222CBED}.Release|x86.ActiveCfg = Release|Win32
		{6D515421-6E97-491D-9EB2-F3DCC222CBED}.Release|x86.Build.0 = Release|Win32
		{2F40083F-2243-413F-B636-D938819DCB0A}.Debug|x64.ActiveCfg = Debug|x64
		{2F40083F-2243-413F-B636-D938819DCB0A}.Debug|x64.Build.0 = Debug|x64
		{2F40083F-2243-413F-B636-D938819DCB0A}.Debug|x86.ActiveCfg = Debug|Win32
		{2F40083F-2243-413F-B636-D938819DCB0A}.Debug|x86.Build.0 = Debug|Win32
		{2F40083F-2243-413F-B636-D938819DCB0A}.Release|x64.ActiveCfg = Release|x64
		{2F40083F-2243-413F-B636-D938819DCB0A}.Release|x64.Build.0 = Release|x64
		{2F40083F-2243-413F-B636-D938819DCB0A}.Release|x86.ActiveCfg = Release|Win32
		{2F40083F-2243-413F-B636-D938819DCB0A}.Release|x86.Build.0 = Release|Win32
		{E579F5DD-5CB3-4B50-B8B4-6F64D78992B6}.Debug|x64.ActiveCfg = Debug|x64
		{E579F5DD-5CB3-4B50-B8B4-6F64D78992B6}.Debug|x64.Build.0 = Debug|x64
		{E579F5DD-5CB3-4B50-B8B4-6F64D78992B6}.Debug|x86.ActiveCfg = Debug|Win32
		{E579F5DD-5CB3-4B50-B8B4-6F64D78992B6}.Debug|x86.Build.0 = Debug|Win32
		{E579F5DD-5CB3-4B50-B8B4-6F64D78992B6}.Release|x64.ActiveCfg = Release|x64
		{E579F5DD-5CB3-4B50-B8B4-6F64D78992B6}.Release|x64.Build.0 = Release|x64
		{E579F5DD-5CB3-4B50-B8B4-6F64D78992B6}.Release|x86.ActiveCfg = Release|Win32
		{E579F5DD-5CB3-4B50-B8B4-6F64D78992B6}.Release|x86.Build.0 = Release|Win32
		{7996F078-A9A4-4572-AA16-A41EE8F278A6}.Debug|x64.ActiveCfg = Debug|x64
		{7996F078-A9A4-4572-AA16-A41EE8F278A6}.Debug|x64.Build.0 = Debug|x64
		{7996F078-A9A4-4572-AA16-A41EE8F278A6}.Debug|x86.ActiveCfg = Debug|Win32
		{7996F078-A9A4-4572-AA16-A41EE8F278A6}.Debug|x86.Build.0 = Debug|Win32
		{7996F078-A9A4-4572-AA16-A41EE8F278A6}.Release|x64.ActiveCfg = Release|x64
		{7996F078-A9A4-4572-AA16-A41EE8F278A6}.Release|x64.Build.0 = Release|x64
		{7996F078-A9A4-4572-AA16-A41EE8F278A6}.Release|x86.ActiveCfg = Release|Win32
		{7996F078-A9A4-4572-AA16-A41EE8F278A6}.Release|x86.Build.0 = Release|Win32
		{8FF33B4F-DCB6-41A3-A126-599FF4CA91A4}.Debug|x64.ActiveCfg = Debug|x64
		{8FF33B4F-DCB6-41A3-A126-599FF4CA91A4}.Debug|x64.Build.0 = Debug|x64
		{8FF33B4F-DCB6-41A3-A126-599FF4CA91A4}.Debug|x86.ActiveCfg = Debug|Win32
		{8FF33B4F-DCB6-41A3-A126-599FF4CA91A4}.Debug|x86.Build.0 = Debug|Win32
		{8FF33B4F-DCB6-41A3-A126-599FF4CA91A4}.Release|x64.ActiveCfg = Release|x64
		{8FF33B4F-DCB6-41A3-A126-599FF4CA91A4}.Release|x64.Build.0 = Release|x64
		{8FF33B4F-DCB6-41A3-A126-599FF4CA91A4}.Release|x86.ActiveCfg = Release|Win32
		{8FF33B4F-DCB6-41A3-A126-599FF4CA91A4}.Release|x86.Build.0 = Release|Win32
		{850B6474-738D-4D1C-9C6D-70AD237349E9}.Debug|x64.ActiveCfg = Debug|x64
		{850B6474-738D-4D1C-9C6D-70AD237349E9}.Debug|x64.Build.0 = Debug|x64
		{850B6474-738D-4D1C-9C6D-70AD237349E9}.Debug|x86.ActiveCfg = Debug|Win32
		{850B6474-738D-4D1C-9C6D-70AD237349E9}.Debug|x86.Build.0 = Debug|Win32
		{850B6474-738D-4D1C-9C6D-70AD237349E9}.Release|x64.ActiveCfg = Release|x64
		{850B6474-738D-4D1C-9C6D-70AD237349E9}.Release|x64.Build.0 = Release|x64
		{850B6474-738D-4D1C-9C6D-70AD237349E9}.Release|x86.ActiveCfg = Release|Win32
		{850B6474-738D-4D1C-9C6D-70AD237349E9}.Release|x86.Build.0 = Release|Win32
	EndGlobalSection
	GlobalSection(SolutionProperties) = preSolution
		HideSolutionNode = FALSE
	EndGlobalSection
	GlobalSection(ExtensibilityGlobals) = postSolution
		SolutionGuid = {D42CF3AA-6CA2-4AB7-878D-D62D386959A3}
	EndGlobalSection
EndGlobal
